
Microsoft Visual Studio Solution File, Format Version 12.00
# Visual Studio 14
VisualStudioVersion = 14.0.25420.1
MinimumVisualStudioVersion = 10.0.40219.1
Project("{FAE04EC0-301F-11D3-BF4B-00C04F79EFBC}") = "TestDAL", "TestDAL\TestDAL.csproj", "{317D6A4C-84F6-4B1D-9BE2-35E1D62B225D}"
EndProject
Project("{FAE04EC0-301F-11D3-BF4B-00C04F79EFBC}") = "TestBLL", "TestBLL\TestBLL.csproj", "{60E82DAA-F99B-47F9-AE33-1C945EC72E80}"
EndProject
Project("{FAE04EC0-301F-11D3-BF4B-00C04F79EFBC}") = "TestUI", "WinForm\TestUI.csproj", "{09EA07FE-41FE-4DCD-94FE-7FAE66B48722}"
EndProject
Project("{FAE04EC0-301F-11D3-BF4B-00C04F79EFBC}") = "TestTool", "TestTool\TestTool.csproj", "{567D63F4-81E9-4011-85B8-CB4A65023D2C}"
EndProject
Project("{FAE04EC0-301F-11D3-BF4B-00C04F79EFBC}") = "TestModel", "TestModel\TestModel.csproj", "{FAC094ED-B572-4091-BBA3-59061ED42081}"
EndProject
Global
	GlobalSection(SolutionConfigurationPlatforms) = preSolution
		Debug|Any CPU = Debug|Any CPU
		Release|Any CPU = Release|Any CPU
	EndGlobalSection
	GlobalSection(ProjectConfigurationPlatforms) = postSolution
		{317D6A4C-84F6-4B1D-9BE2-35E1D62B225D}.Debug|Any CPU.ActiveCfg = Debug|Any CPU
		{317D6A4C-84F6-4B1D-9BE2-35E1D62B225D}.Debug|Any CPU.Build.0 = Debug|Any CPU
		{317D6A4C-84F6-4B1D-9BE2-35E1D62B225D}.Release|Any CPU.ActiveCfg = Release|Any CPU
		{317D6A4C-84F6-4B1D-9BE2-35E1D62B225D}.Release|Any CPU.Build.0 = Release|Any CPU
		{60E82DAA-F99B-47F9-AE33-1C945EC72E80}.Debug|Any CPU.ActiveCfg = Debug|Any CPU
		{60E82DAA-F99B-47F9-AE33-1C945EC72E80}.Debug|Any CPU.Build.0 = Debug|Any CPU
		{60E82DAA-F99B-47F9-AE33-1C945EC72E80}.Release|Any CPU.ActiveCfg = Release|Any CPU
		{60E82DAA-F99B-47F9-AE33-1C945EC72E80}.Release|Any CPU.Build.0 = Release|Any CPU
		{09EA07FE-41FE-4DCD-94FE-7FAE66B48722}.Debug|Any CPU.ActiveCfg = Debug|Any CPU
		{09EA07FE-41FE-4DCD-94FE-7FAE66B48722}.Debug|Any CPU.Build.0 = Debug|Any CPU
		{09EA07FE-41FE-4DCD-94FE-7FAE66B48722}.Release|Any CPU.ActiveCfg = Release|Any CPU
		{09EA07FE-41FE-4DCD-94FE-7FAE66B48722}.Release|Any CPU.Build.0 = Release|Any CPU
		{567D63F4-81E9-4011-85B8-CB4A65023D2C}.Debug|Any CPU.ActiveCfg = Debug|Any CPU
		{567D63F4-81E9-4011-85B8-CB4A65023D2C}.Debug|Any CPU.Build.0 = Debug|Any CPU
		{567D63F4-81E9-4011-85B8-CB4A65023D2C}.Release|Any CPU.ActiveCfg = Release|Any CPU
		{567D63F4-81E9-4011-85B8-CB4A65023D2C}.Release|Any CPU.Build.0 = Release|Any CPU
		{FAC094ED-B572-4091-BBA3-59061ED42081}.Debug|Any CPU.ActiveCfg = Debug|Any CPU
		{FAC094ED-B572-4091-BBA3-59061ED42081}.Debug|Any CPU.Build.0 = Debug|Any CPU
		{FAC094ED-B572-4091-BBA3-59061ED42081}.Release|Any CPU.ActiveCfg = Release|Any CPU
		{FAC094ED-B572-4091-BBA3-59061ED42081}.Release|Any CPU.Build.0 = Release|Any CPU
	EndGlobalSection
	GlobalSection(SolutionProperties) = preSolution
		HideSolutionNode = FALSE
	EndGlobalSection
	GlobalSection(ExtensibilityGlobals) = postSolution
		SolutionGuid = {CA98B747-BD93-43BE-BB4D-0044F01F99E2}
	EndGlobalSection
EndGlobal
